
Microsoft Visual Studio Solution File, Format Version 12.00
# Visual Studio Version 16
VisualStudioVersion = 16.0.29215.179
MinimumVisualStudioVersion = 10.0.40219.1
Project("{FAE04EC0-301F-11D3-BF4B-00C04F79EFBC}") = "WpfApp3", "WpfApp3\WpfApp3.csproj", "{E409F82A-682B-48D3-91F7-23ACB7AE17A3}"
EndProject
Global
	GlobalSection(SolutionConfigurationPlatforms) = preSolution
		Debug|Any CPU = Debug|Any CPU
		Release|Any CPU = Release|Any CPU
	EndGlobalSection
	GlobalSection(ProjectConfigurationPlatforms) = postSolution
		{E409F82A-682B-48D3-91F7-23ACB7AE17A3}.Debug|Any CPU.ActiveCfg = Debug|Any CPU
		{E409F82A-682B-48D3-91F7-23ACB7AE17A3}.Debug|Any CPU.Build.0 = Debug|Any CPU
		{E409F82A-682B-48D3-91F7-23ACB7AE17A3}.Release|Any CPU.ActiveCfg = Release|Any CPU
		{E409F82A-682B-48D3-91F7-23ACB7AE17A3}.Release|Any CPU.Build.0 = Release|Any CPU
	EndGlobalSection
	GlobalSection(SolutionProperties) = preSolution
		HideSolutionNode = FALSE
	EndGlobalSection
	GlobalSection(ExtensibilityGlobals) = postSolution
		SolutionGuid = {3C1287E1-D9BB-4E51-A867-F2791BF6E6E7}
	EndGlobalSection
EndGlobal
